<?xml version="1.0" encoding="utf-8"?>
<Project ToolsVersion="4.0" xmlns="http://schemas.microsoft.com/developer/msbuild/2003">
  <ItemGroup>
    <Filter Include="Source Files">
      <UniqueIdentifier>{4FC737F1-C7A5-4376-A066-2A32D752A2FF}</UniqueIdentifier>
      <Extensions>cpp;c;cc;cxx;c++;cppm;ixx;def;odl;idl;hpj;bat;asm;asmx</Extensions>
    </Filter>
    <Filter Include="Header Files">
      <UniqueIdentifier>{93995380-89BD-4b04-88EB-625FBE52EBFB}</UniqueIdentifier>
      <Extensions>h;hh;hpp;hxx;h++;hm;inl;inc;ipp;xsd</Extensions>
    </Filter>
    <Filter Include="Resource Files">
      <UniqueIdentifier>{67DA6AB6-F800-4c08-8B7A-83BB121AAD01}</UniqueIdentifier>
      <Extensions>rc;ico;cur;bmp;dlg;rc2;rct;bin;rgs;gif;jpg;jpeg;jpe;resx;tiff;tif;png;wav;mfcribbon-ms</Extensions>
    </Filter>
  </ItemGroup>
  <ItemGroup>
    <ClCompile Include="Tests.cpp">
      <Filter>Source Files</Filter>
    </ClCompile>
    <ClCompile Include="MsvcCompilation.cpp">
      <Filter>Source Files</Filter>
    </ClCompile>
    <ClCompile Include="TestUtilities.cpp">
      <Filter>Source Files</Filter>
    </ClCompile>
    <ClCompile Include="GccLikeCompilation.cpp">
      <Filter>Source Files</Filter>
    </ClCompile>
    <ClCompile Include="CompilationBase.cpp">
      <Filter>Source Files</Filter>
    </ClCompile>
    <ClCompile Include="ExerciseOptionalEmptyViaType.cpp">
      <Filter>Source Files</Filter>
    </ClCompile>
    <ClCompile Include="ExerciseTinyOptionalPayload1.cpp">
      <Filter>Source Files</Filter>
    </ClCompile>
    <ClCompile Include="ExerciseOptionalInplace.cpp">
      <Filter>Source Files</Filter>
    </ClCompile>
    <ClCompile Include="ExerciseStdOptional.cpp">
      <Filter>Source Files</Filter>
    </ClCompile>
    <ClCompile Include="ConstructionTests.cpp">
      <Filter>Source Files</Filter>
    </ClCompile>
    <ClCompile Include="ComparisonTests.cpp">
      <Filter>Source Files</Filter>
    </ClCompile>
    <ClCompile Include="CompilationErrorTests.cpp">
      <Filter>Source Files</Filter>
    </ClCompile>
    <ClCompile Include="IntermediateTests.cpp">
      <Filter>Source Files</Filter>
    </ClCompile>
    <ClCompile Include="SpecialMonadicTests.cpp">
      <Filter>Source Files</Filter>
    </ClCompile>
    <ClCompile Include="ExerciseTinyOptionalPayload2.cpp">
      <Filter>Source Files</Filter>
    </ClCompile>
    <ClCompile Include="ExerciseOptionalAIP.cpp">
      <Filter>Source Files</Filter>
    </ClCompile>
    <ClCompile Include="ExerciseOptionalWithCustomFlagManipulator.cpp">
      <Filter>Source Files</Filter>
    </ClCompile>
  </ItemGroup>
  <ItemGroup>
    <ClInclude Include="TestTypes.h">
      <Filter>Header Files</Filter>
    </ClInclude>
    <ClInclude Include="MsvcCompilation.h">
      <Filter>Header Files</Filter>
    </ClInclude>
    <ClInclude Include="TestUtilities.h">
      <Filter>Header Files</Filter>
    </ClInclude>
    <ClInclude Include="GccLikeCompilation.h">
      <Filter>Header Files</Filter>
    </ClInclude>
    <ClInclude Include="CompilationBase.h">
      <Filter>Header Files</Filter>
    </ClInclude>
    <ClInclude Include="..\include\tiny\optional.h">
      <Filter>Header Files</Filter>
    </ClInclude>
    <ClInclude Include="Exercises.h">
      <Filter>Header Files</Filter>
    </ClInclude>
    <ClInclude Include="ComparisonTests.h">
      <Filter>Header Files</Filter>
    </ClInclude>
    <ClInclude Include="CompilationErrorTests.h">
      <Filter>Header Files</Filter>
    </ClInclude>
    <ClInclude Include="ConstructionTests.h">
      <Filter>Header Files</Filter>
    </ClInclude>
    <ClInclude Include="ExerciseOptionalEmptyViaType.h">
      <Filter>Header Files</Filter>
    </ClInclude>
    <ClInclude Include="ExerciseOptionalInplace.h">
      <Filter>Header Files</Filter>
    </ClInclude>
    <ClInclude Include="ExerciseStdOptional.h">
      <Filter>Header Files</Filter>
    </ClInclude>
    <ClInclude Include="ExerciseTinyOptionalPayload.h">
      <Filter>Header Files</Filter>
    </ClInclude>
    <ClInclude Include="IntermediateTests.h">
      <Filter>Header Files</Filter>
    </ClInclude>
    <ClInclude Include="SpecialMonadicTests.h">
      <Filter>Header Files</Filter>
    </ClInclude>
    <ClInclude Include="ExerciseOptionalAIP.h">
      <Filter>Header Files</Filter>
    </ClInclude>
    <ClInclude Include="ExerciseOptionalWithCustomFlagManipulator.h">
      <Filter>Header Files</Filter>
    </ClInclude>
    <ClInclude Include="..\include\tiny\optional_flag_manipulator_fwd.h">
      <Filter>Header Files</Filter>
    </ClInclude>
  </ItemGroup>
</Project>